
Microsoft Visual Studio Solution File, Format Version 12.00
# Visual Studio Version 17
VisualStudioVersion = 17.1.32421.90
MinimumVisualStudioVersion = 10.0.40219.1
Project("{FAE04EC0-301F-11D3-BF4B-00C04F79EFBC}") = "csharp-test01", "csharp-test01.csproj", "{56021B34-084C-4E4F-88E3-253DAC55BD8C}"
EndProject
Global
	GlobalSection(SolutionConfigurationPlatforms) = preSolution
		Debug|Any CPU = Debug|Any CPU
		Release|Any CPU = Release|Any CPU
	EndGlobalSection
	GlobalSection(ProjectConfigurationPlatforms) = postSolution
		{56021B34-084C-4E4F-88E3-253DAC55BD8C}.Debug|Any CPU.ActiveCfg = Debug|Any CPU
		{56021B34-084C-4E4F-88E3-253DAC55BD8C}.Debug|Any CPU.Build.0 = Debug|Any CPU
		{56021B34-084C-4E4F-88E3-253DAC55BD8C}.Release|Any CPU.ActiveCfg = Release|Any CPU
		{56021B34-084C-4E4F-88E3-253DAC55BD8C}.Release|Any CPU.Build.0 = Release|Any CPU
	EndGlobalSection
	GlobalSection(SolutionProperties) = preSolution
		HideSolutionNode = FALSE
	EndGlobalSection
	GlobalSection(ExtensibilityGlobals) = postSolution
		SolutionGuid = {AD162604-779E-489A-A256-970A67E8EDAB}
	EndGlobalSection
EndGlobal
